// !$*UTF8*$!
{
	archiveVersion = 1;
	classes = {
	};
	objectVersion = 50;
	objects = {

/* Begin PBXBuildFile section */
		50150F7626DC5740006D4BDC /* Category.swift in Sources */ = {isa = PBXBuildFile; fileRef = 50150F7526DC5740006D4BDC /* Category.swift */; };
		50150F7A26DC67BD006D4BDC /* Programs.json in Resources */ = {isa = PBXBuildFile; fileRef = 50150F7926DC67BD006D4BDC /* Programs.json */; };
		501DA86526B884860021A931 /* LaunchScreen.storyboard in Resources */ = {isa = PBXBuildFile; fileRef = 501DA86326B884860021A931 /* LaunchScreen.storyboard */; };
		501DA86E26B884B60021A931 /* AppDelegate.swift in Sources */ = {isa = PBXBuildFile; fileRef = 501DA86D26B884B60021A931 /* AppDelegate.swift */; };
		501DA87926B885340021A931 /* config.json in Resources */ = {isa = PBXBuildFile; fileRef = 501DA87026B885340021A931 /* config.json */; };
		501DA87A26B885340021A931 /* Assets.xcassets in Resources */ = {isa = PBXBuildFile; fileRef = 501DA87126B885340021A931 /* Assets.xcassets */; };
		501DA87C26B885340021A931 /* Main.storyboard in Resources */ = {isa = PBXBuildFile; fileRef = 501DA87426B885340021A931 /* Main.storyboard */; };
		501DA87D26B885340021A931 /* advice.json in Resources */ = {isa = PBXBuildFile; fileRef = 501DA87626B885340021A931 /* advice.json */; };
		501DA87E26B885340021A931 /* healty.json in Resources */ = {isa = PBXBuildFile; fileRef = 501DA87726B885340021A931 /* healty.json */; };
		501DA89826B8857C0021A931 /* APIService.swift in Sources */ = {isa = PBXBuildFile; fileRef = 501DA88126B8857C0021A931 /* APIService.swift */; };
		501DA89926B8857C0021A931 /* DashboardViewModel.swift in Sources */ = {isa = PBXBuildFile; fileRef = 501DA88426B8857C0021A931 /* DashboardViewModel.swift */; };
		501DA89B26B8857C0021A931 /* DashboardViewController.xib in Resources */ = {isa = PBXBuildFile; fileRef = 501DA88626B8857C0021A931 /* DashboardViewController.xib */; };
		501DA89C26B8857C0021A931 /* DashboardViewController.swift in Sources */ = {isa = PBXBuildFile; fileRef = 501DA88726B8857C0021A931 /* DashboardViewController.swift */; };
		501DA89D26B8857C0021A931 /* AsistanTableViewCell.swift in Sources */ = {isa = PBXBuildFile; fileRef = 501DA88926B8857C0021A931 /* AsistanTableViewCell.swift */; };
		501DA8A026B8857C0021A931 /* CollectionTableViewCell.swift in Sources */ = {isa = PBXBuildFile; fileRef = 501DA88C26B8857C0021A931 /* CollectionTableViewCell.swift */; };
		501DA8A126B8857C0021A931 /* AsistanTableViewCell.xib in Resources */ = {isa = PBXBuildFile; fileRef = 501DA88D26B8857C0021A931 /* AsistanTableViewCell.xib */; };
		501DA8A226B8857C0021A931 /* CollectionTableViewCell.xib in Resources */ = {isa = PBXBuildFile; fileRef = 501DA88E26B8857C0021A931 /* CollectionTableViewCell.xib */; };
		501DA8A426B8857C0021A931 /* ProgramsCollectionViewCell.xib in Resources */ = {isa = PBXBuildFile; fileRef = 501DA89026B8857C0021A931 /* ProgramsCollectionViewCell.xib */; };
		501DA8A526B8857C0021A931 /* NotificationManager.swift in Sources */ = {isa = PBXBuildFile; fileRef = 501DA89226B8857C0021A931 /* NotificationManager.swift */; };
		501DA8A626B8857C0021A931 /* DetailViewController.swift in Sources */ = {isa = PBXBuildFile; fileRef = 501DA89426B8857C0021A931 /* DetailViewController.swift */; };
		501DA8A726B8857C0021A931 /* DetailViewController.xib in Resources */ = {isa = PBXBuildFile; fileRef = 501DA89526B8857C0021A931 /* DetailViewController.xib */; };
		501DA8A826B8857C0021A931 /* Healty.swift in Sources */ = {isa = PBXBuildFile; fileRef = 501DA89726B8857C0021A931 /* Healty.swift */; };
		BA10C7C7285E893400A7CEF7 /* BaseViewController.swift in Sources */ = {isa = PBXBuildFile; fileRef = BA10C7C6285E893400A7CEF7 /* BaseViewController.swift */; };
		BA10C7C9285E89EB00A7CEF7 /* BaseTableView.swift in Sources */ = {isa = PBXBuildFile; fileRef = BA10C7C8285E89EB00A7CEF7 /* BaseTableView.swift */; };
		BAEFC7BD283595BD00E0245D /* BaseViewModel.swift in Sources */ = {isa = PBXBuildFile; fileRef = BAEFC7BC283595BD00E0245D /* BaseViewModel.swift */; };
		BAEFC7BF2836A72000E0245D /* AdvicesTableViewCell.swift in Sources */ = {isa = PBXBuildFile; fileRef = BAEFC7BE2836A72000E0245D /* AdvicesTableViewCell.swift */; };
		BAEFC7C12836A75F00E0245D /* AdvicesTableViewCell.xib in Resources */ = {isa = PBXBuildFile; fileRef = BAEFC7C02836A75F00E0245D /* AdvicesTableViewCell.xib */; };
		BAEFC7C32836A79A00E0245D /* ProgramsCollectionViewCell.swift in Sources */ = {isa = PBXBuildFile; fileRef = BAEFC7C22836A79A00E0245D /* ProgramsCollectionViewCell.swift */; };
/* End PBXBuildFile section */

/* Begin PBXFileReference section */
		50150F7526DC5740006D4BDC /* Category.swift */ = {isa = PBXFileReference; lastKnownFileType = sourcecode.swift; path = Category.swift; sourceTree = "<group>"; };
		50150F7926DC67BD006D4BDC /* Programs.json */ = {isa = PBXFileReference; fileEncoding = 4; lastKnownFileType = text.json; path = Programs.json; sourceTree = "<group>"; };
		501DA85526B884840021A931 /* HealtyX.app */ = {isa = PBXFileReference; explicitFileType = wrapper.application; includeInIndex = 0; path = HealtyX.app; sourceTree = BUILT_PRODUCTS_DIR; };
		501DA86426B884860021A931 /* Base */ = {isa = PBXFileReference; lastKnownFileType = file.storyboard; name = Base; path = Base.lproj/LaunchScreen.storyboard; sourceTree = "<group>"; };
		501DA86626B884860021A931 /* Info.plist */ = {isa = PBXFileReference; lastKnownFileType = text.plist.xml; path = Info.plist; sourceTree = "<group>"; };
		501DA86D26B884B60021A931 /* AppDelegate.swift */ = {isa = PBXFileReference; fileEncoding = 4; lastKnownFileType = sourcecode.swift; path = AppDelegate.swift; sourceTree = "<group>"; };
		501DA87026B885340021A931 /* config.json */ = {isa = PBXFileReference; fileEncoding = 4; lastKnownFileType = text.json; path = config.json; sourceTree = "<group>"; };
		501DA87126B885340021A931 /* Assets.xcassets */ = {isa = PBXFileReference; lastKnownFileType = folder.assetcatalog; path = Assets.xcassets; sourceTree = "<group>"; };
		501DA87526B885340021A931 /* Base */ = {isa = PBXFileReference; lastKnownFileType = file.storyboard; name = Base; path = Base.lproj/Main.storyboard; sourceTree = "<group>"; };
		501DA87626B885340021A931 /* advice.json */ = {isa = PBXFileReference; fileEncoding = 4; lastKnownFileType = text.json; path = advice.json; sourceTree = "<group>"; };
		501DA87726B885340021A931 /* healty.json */ = {isa = PBXFileReference; fileEncoding = 4; lastKnownFileType = text.json; path = healty.json; sourceTree = "<group>"; };
		501DA88126B8857C0021A931 /* APIService.swift */ = {isa = PBXFileReference; fileEncoding = 4; lastKnownFileType = sourcecode.swift; path = APIService.swift; sourceTree = "<group>"; };
		501DA88426B8857C0021A931 /* DashboardViewModel.swift */ = {isa = PBXFileReference; fileEncoding = 4; lastKnownFileType = sourcecode.swift; path = DashboardViewModel.swift; sourceTree = "<group>"; };
		501DA88626B8857C0021A931 /* DashboardViewController.xib */ = {isa = PBXFileReference; fileEncoding = 4; lastKnownFileType = file.xib; path = DashboardViewController.xib; sourceTree = "<group>"; };
		501DA88726B8857C0021A931 /* DashboardViewController.swift */ = {isa = PBXFileReference; fileEncoding = 4; lastKnownFileType = sourcecode.swift; path = DashboardViewController.swift; sourceTree = "<group>"; };
		501DA88926B8857C0021A931 /* AsistanTableViewCell.swift */ = {isa = PBXFileReference; fileEncoding = 4; lastKnownFileType = sourcecode.swift; path = AsistanTableViewCell.swift; sourceTree = "<group>"; };
		501DA88C26B8857C0021A931 /* CollectionTableViewCell.swift */ = {isa = PBXFileReference; fileEncoding = 4; lastKnownFileType = sourcecode.swift; path = CollectionTableViewCell.swift; sourceTree = "<group>"; };
		501DA88D26B8857C0021A931 /* AsistanTableViewCell.xib */ = {isa = PBXFileReference; fileEncoding = 4; lastKnownFileType = file.xib; path = AsistanTableViewCell.xib; sourceTree = "<group>"; };
		501DA88E26B8857C0021A931 /* CollectionTableViewCell.xib */ = {isa = PBXFileReference; fileEncoding = 4; lastKnownFileType = file.xib; path = CollectionTableViewCell.xib; sourceTree = "<group>"; };
		501DA89026B8857C0021A931 /* ProgramsCollectionViewCell.xib */ = {isa = PBXFileReference; fileEncoding = 4; lastKnownFileType = file.xib; path = ProgramsCollectionViewCell.xib; sourceTree = "<group>"; };
		501DA89226B8857C0021A931 /* NotificationManager.swift */ = {isa = PBXFileReference; fileEncoding = 4; lastKnownFileType = sourcecode.swift; path = NotificationManager.swift; sourceTree = "<group>"; };
		501DA89426B8857C0021A931 /* DetailViewController.swift */ = {isa = PBXFileReference; fileEncoding = 4; lastKnownFileType = sourcecode.swift; path = DetailViewController.swift; sourceTree = "<group>"; };
		501DA89526B8857C0021A931 /* DetailViewController.xib */ = {isa = PBXFileReference; fileEncoding = 4; lastKnownFileType = file.xib; path = DetailViewController.xib; sourceTree = "<group>"; };
		501DA89726B8857C0021A931 /* Healty.swift */ = {isa = PBXFileReference; fileEncoding = 4; lastKnownFileType = sourcecode.swift; path = Healty.swift; sourceTree = "<group>"; };
		BA10C7C6285E893400A7CEF7 /* BaseViewController.swift */ = {isa = PBXFileReference; lastKnownFileType = sourcecode.swift; path = BaseViewController.swift; sourceTree = "<group>"; };
		BA10C7C8285E89EB00A7CEF7 /* BaseTableView.swift */ = {isa = PBXFileReference; lastKnownFileType = sourcecode.swift; path = BaseTableView.swift; sourceTree = "<group>"; };
		BAEFC7BC283595BD00E0245D /* BaseViewModel.swift */ = {isa = PBXFileReference; lastKnownFileType = sourcecode.swift; path = BaseViewModel.swift; sourceTree = "<group>"; };
		BAEFC7BE2836A72000E0245D /* AdvicesTableViewCell.swift */ = {isa = PBXFileReference; fileEncoding = 4; lastKnownFileType = sourcecode.swift; path = AdvicesTableViewCell.swift; sourceTree = "<group>"; };
		BAEFC7C02836A75F00E0245D /* AdvicesTableViewCell.xib */ = {isa = PBXFileReference; fileEncoding = 4; lastKnownFileType = file.xib; path = AdvicesTableViewCell.xib; sourceTree = "<group>"; };
		BAEFC7C22836A79A00E0245D /* ProgramsCollectionViewCell.swift */ = {isa = PBXFileReference; fileEncoding = 4; lastKnownFileType = sourcecode.swift; path = ProgramsCollectionViewCell.swift; sourceTree = "<group>"; };
/* End PBXFileReference section */

/* Begin PBXFrameworksBuildPhase section */
		501DA85226B884840021A931 /* Frameworks */ = {
			isa = PBXFrameworksBuildPhase;
			buildActionMask = 2147483647;
			files = (
			);
			runOnlyForDeploymentPostprocessing = 0;
		};
/* End PBXFrameworksBuildPhase section */

/* Begin PBXGroup section */
		501DA84C26B884840021A931 = {
			isa = PBXGroup;
			children = (
				501DA85726B884840021A931 /* HealtyX */,
				501DA85626B884840021A931 /* Products */,
			);
			sourceTree = "<group>";
		};
		501DA85626B884840021A931 /* Products */ = {
			isa = PBXGroup;
			children = (
				501DA85526B884840021A931 /* HealtyX.app */,
			);
			name = Products;
			sourceTree = "<group>";
		};
		501DA85726B884840021A931 /* HealtyX */ = {
			isa = PBXGroup;
			children = (
				501DA86C26B884B60021A931 /* Application */,
				BA10C7CA285E91C000A7CEF7 /* Screens */,
				501DA89126B8857C0021A931 /* Manager */,
				501DA89626B8857C0021A931 /* Model */,
				501DA88026B8857C0021A931 /* Service */,
				501DA86F26B885340021A931 /* Assets */,
				BA10C7C5285E890C00A7CEF7 /* BaseClasses */,
				501DA87426B885340021A931 /* Main.storyboard */,
				501DA86326B884860021A931 /* LaunchScreen.storyboard */,
			);
			path = HealtyX;
			sourceTree = "<group>";
		};
		501DA86C26B884B60021A931 /* Application */ = {
			isa = PBXGroup;
			children = (
				501DA86D26B884B60021A931 /* AppDelegate.swift */,
			);
			path = Application;
			sourceTree = "<group>";
		};
		501DA86F26B885340021A931 /* Assets */ = {
			isa = PBXGroup;
			children = (
				501DA86626B884860021A931 /* Info.plist */,
				501DA87126B885340021A931 /* Assets.xcassets */,
				50150F7926DC67BD006D4BDC /* Programs.json */,
				501DA87026B885340021A931 /* config.json */,
				501DA87626B885340021A931 /* advice.json */,
				501DA87726B885340021A931 /* healty.json */,
			);
			path = Assets;
			sourceTree = "<group>";
		};
		501DA88026B8857C0021A931 /* Service */ = {
			isa = PBXGroup;
			children = (
				501DA88126B8857C0021A931 /* APIService.swift */,
			);
			path = Service;
			sourceTree = "<group>";
		};
		501DA88226B8857C0021A931 /* Home */ = {
			isa = PBXGroup;
			children = (
				501DA88726B8857C0021A931 /* DashboardViewController.swift */,
				501DA88626B8857C0021A931 /* DashboardViewController.xib */,
				501DA88426B8857C0021A931 /* DashboardViewModel.swift */,
				501DA88826B8857C0021A931 /* Cells */,
			);
			path = Home;
			sourceTree = "<group>";
		};
		501DA88826B8857C0021A931 /* Cells */ = {
			isa = PBXGroup;
			children = (
				BAEFC7BE2836A72000E0245D /* AdvicesTableViewCell.swift */,
				BAEFC7C02836A75F00E0245D /* AdvicesTableViewCell.xib */,
				501DA88926B8857C0021A931 /* AsistanTableViewCell.swift */,
				501DA88D26B8857C0021A931 /* AsistanTableViewCell.xib */,
				501DA88C26B8857C0021A931 /* CollectionTableViewCell.swift */,
				501DA88E26B8857C0021A931 /* CollectionTableViewCell.xib */,
				BAEFC7C22836A79A00E0245D /* ProgramsCollectionViewCell.swift */,
				501DA89026B8857C0021A931 /* ProgramsCollectionViewCell.xib */,
			);
			path = Cells;
			sourceTree = "<group>";
		};
		501DA89126B8857C0021A931 /* Manager */ = {
			isa = PBXGroup;
			children = (
				501DA89226B8857C0021A931 /* NotificationManager.swift */,
			);
			path = Manager;
			sourceTree = "<group>";
		};
		501DA89326B8857C0021A931 /* Detail */ = {
			isa = PBXGroup;
			children = (
				501DA89426B8857C0021A931 /* DetailViewController.swift */,
				501DA89526B8857C0021A931 /* DetailViewController.xib */,
				BA28075C2861086900FA34C8 /* Cells */,
			);
			path = Detail;
			sourceTree = "<group>";
		};
		501DA89626B8857C0021A931 /* Model */ = {
			isa = PBXGroup;
			children = (
				50150F7526DC5740006D4BDC /* Category.swift */,
				501DA89726B8857C0021A931 /* Healty.swift */,
			);
			path = Model;
			sourceTree = "<group>";
		};
		BA10C7C5285E890C00A7CEF7 /* BaseClasses */ = {
			isa = PBXGroup;
			children = (
				BAEFC7BC283595BD00E0245D /* BaseViewModel.swift */,
				BA10C7C6285E893400A7CEF7 /* BaseViewController.swift */,
				BA10C7C8285E89EB00A7CEF7 /* BaseTableView.swift */,
			);
			path = BaseClasses;
			sourceTree = "<group>";
		};
		BA10C7CA285E91C000A7CEF7 /* Screens */ = {
			isa = PBXGroup;
			children = (
				501DA89326B8857C0021A931 /* Detail */,
				501DA88226B8857C0021A931 /* Home */,
			);
			path = Screens;
			sourceTree = "<group>";
		};
		BA28075C2861086900FA34C8 /* Cells */ = {
			isa = PBXGroup;
			children = (
			);
			path = Cells;
			sourceTree = "<group>";
		};
/* End PBXGroup section */

/* Begin PBXNativeTarget section */
		501DA85426B884840021A931 /* HealtyX */ = {
			isa = PBXNativeTarget;
			buildConfigurationList = 501DA86926B884860021A931 /* Build configuration list for PBXNativeTarget "HealtyX" */;
			buildPhases = (
				501DA85126B884840021A931 /* Sources */,
				501DA85226B884840021A931 /* Frameworks */,
				501DA85326B884840021A931 /* Resources */,
			);
			buildRules = (
			);
			dependencies = (
			);
			name = HealtyX;
			productName = HealtyX;
			productReference = 501DA85526B884840021A931 /* HealtyX.app */;
			productType = "com.apple.product-type.application";
		};
/* End PBXNativeTarget section */

/* Begin PBXProject section */
		501DA84D26B884840021A931 /* Project object */ = {
			isa = PBXProject;
			attributes = {
				LastSwiftUpdateCheck = 1250;
				LastUpgradeCheck = 1250;
				TargetAttributes = {
					501DA85426B884840021A931 = {
						CreatedOnToolsVersion = 12.5.1;
					};
				};
			};
			buildConfigurationList = 501DA85026B884840021A931 /* Build configuration list for PBXProject "HealtyX" */;
			compatibilityVersion = "Xcode 9.3";
			developmentRegion = en;
			hasScannedForEncodings = 0;
			knownRegions = (
				en,
				Base,
			);
			mainGroup = 501DA84C26B884840021A931;
			productRefGroup = 501DA85626B884840021A931 /* Products */;
			projectDirPath = "";
			projectRoot = "";
			targets = (
				501DA85426B884840021A931 /* HealtyX */,
			);
		};
/* End PBXProject section */

/* Begin PBXResourcesBuildPhase section */
		501DA85326B884840021A931 /* Resources */ = {
			isa = PBXResourcesBuildPhase;
			buildActionMask = 2147483647;
			files = (
				501DA87C26B885340021A931 /* Main.storyboard in Resources */,
				501DA87E26B885340021A931 /* healty.json in Resources */,
				501DA86526B884860021A931 /* LaunchScreen.storyboard in Resources */,
				501DA87926B885340021A931 /* config.json in Resources */,
				501DA8A226B8857C0021A931 /* CollectionTableViewCell.xib in Resources */,
				501DA87A26B885340021A931 /* Assets.xcassets in Resources */,
				50150F7A26DC67BD006D4BDC /* Programs.json in Resources */,
				501DA87D26B885340021A931 /* advice.json in Resources */,
				BAEFC7C12836A75F00E0245D /* AdvicesTableViewCell.xib in Resources */,
				501DA8A726B8857C0021A931 /* DetailViewController.xib in Resources */,
				501DA89B26B8857C0021A931 /* DashboardViewController.xib in Resources */,
				501DA8A426B8857C0021A931 /* ProgramsCollectionViewCell.xib in Resources */,
				501DA8A126B8857C0021A931 /* AsistanTableViewCell.xib in Resources */,
			);
			runOnlyForDeploymentPostprocessing = 0;
		};
/* End PBXResourcesBuildPhase section */

/* Begin PBXSourcesBuildPhase section */
		501DA85126B884840021A931 /* Sources */ = {
			isa = PBXSourcesBuildPhase;
			buildActionMask = 2147483647;
			files = (
				501DA8A626B8857C0021A931 /* DetailViewController.swift in Sources */,
				501DA89C26B8857C0021A931 /* DashboardViewController.swift in Sources */,
				50150F7626DC5740006D4BDC /* Category.swift in Sources */,
				BAEFC7BD283595BD00E0245D /* BaseViewModel.swift in Sources */,
				BA10C7C9285E89EB00A7CEF7 /* BaseTableView.swift in Sources */,
				501DA89826B8857C0021A931 /* APIService.swift in Sources */,
				BA10C7C7285E893400A7CEF7 /* BaseViewController.swift in Sources */,
				BAEFC7C32836A79A00E0245D /* ProgramsCollectionViewCell.swift in Sources */,
				501DA8A526B8857C0021A931 /* NotificationManager.swift in Sources */,
				BAEFC7BF2836A72000E0245D /* AdvicesTableViewCell.swift in Sources */,
				501DA89926B8857C0021A931 /* DashboardViewModel.swift in Sources */,
				501DA89D26B8857C0021A931 /* AsistanTableViewCell.swift in Sources */,
				501DA86E26B884B60021A931 /* AppDelegate.swift in Sources */,
				501DA8A026B8857C0021A931 /* CollectionTableViewCell.swift in Sources */,
				501DA8A826B8857C0021A931 /* Healty.swift in Sources */,
			);
			runOnlyForDeploymentPostprocessing = 0;
		};
/* End PBXSourcesBuildPhase section */

/* Begin PBXVariantGroup section */
		501DA86326B884860021A931 /* LaunchScreen.storyboard */ = {
			isa = PBXVariantGroup;
			children = (
				501DA86426B884860021A931 /* Base */,
			);
			name = LaunchScreen.storyboard;
			sourceTree = "<group>";
		};
		501DA87426B885340021A931 /* Main.storyboard */ = {
			isa = PBXVariantGroup;
			children = (
				501DA87526B885340021A931 /* Base */,
			);
			name = Main.storyboard;
			sourceTree = "<group>";
		};
/* End PBXVariantGroup section */

/* Begin XCBuildConfiguration section */
		501DA86726B884860021A931 /* Debug */ = {
			isa = XCBuildConfiguration;
			buildSettings = {
				ALWAYS_SEARCH_USER_PATHS = NO;
				CLANG_ANALYZER_NONNULL = YES;
				CLANG_ANALYZER_NUMBER_OBJECT_CONVERSION = YES_AGGRESSIVE;
				CLANG_CXX_LANGUAGE_STANDARD = "gnu++14";
				CLANG_CXX_LIBRARY = "libc++";
				CLANG_ENABLE_MODULES = YES;
				CLANG_ENABLE_OBJC_ARC = YES;
				CLANG_ENABLE_OBJC_WEAK = YES;
				CLANG_WARN_BLOCK_CAPTURE_AUTORELEASING = YES;
				CLANG_WARN_BOOL_CONVERSION = YES;
				CLANG_WARN_COMMA = YES;
				CLANG_WARN_CONSTANT_CONVERSION = YES;
				CLANG_WARN_DEPRECATED_OBJC_IMPLEMENTATIONS = YES;
				CLANG_WARN_DIRECT_OBJC_ISA_USAGE = YES_ERROR;
				CLANG_WARN_DOCUMENTATION_COMMENTS = YES;
				CLANG_WARN_EMPTY_BODY = YES;
				CLANG_WARN_ENUM_CONVERSION = YES;
				CLANG_WARN_INFINITE_RECURSION = YES;
				CLANG_WARN_INT_CONVERSION = YES;
				CLANG_WARN_NON_LITERAL_NULL_CONVERSION = YES;
				CLANG_WARN_OBJC_IMPLICIT_RETAIN_SELF = YES;
				CLANG_WARN_OBJC_LITERAL_CONVERSION = YES;
				CLANG_WARN_OBJC_ROOT_CLASS = YES_ERROR;
				CLANG_WARN_QUOTED_INCLUDE_IN_FRAMEWORK_HEADER = YES;
				CLANG_WARN_RANGE_LOOP_ANALYSIS = YES;
				CLANG_WARN_STRICT_PROTOTYPES = YES;
				CLANG_WARN_SUSPICIOUS_MOVE = YES;
				CLANG_WARN_UNGUARDED_AVAILABILITY = YES_AGGRESSIVE;
				CLANG_WARN_UNREACHABLE_CODE = YES;
				CLANG_WARN__DUPLICATE_METHOD_MATCH = YES;
				COPY_PHASE_STRIP = NO;
				DEBUG_INFORMATION_FORMAT = dwarf;
				ENABLE_STRICT_OBJC_MSGSEND = YES;
				ENABLE_TESTABILITY = YES;
				GCC_C_LANGUAGE_STANDARD = gnu11;
				GCC_DYNAMIC_NO_PIC = NO;
				GCC_NO_COMMON_BLOCKS = YES;
				GCC_OPTIMIZATION_LEVEL = 0;
				GCC_PREPROCESSOR_DEFINITIONS = (
					"DEBUG=1",
					"$(inherited)",
				);
				GCC_WARN_64_TO_32_BIT_CONVERSION = YES;
				GCC_WARN_ABOUT_RETURN_TYPE = YES_ERROR;
				GCC_WARN_UNDECLARED_SELECTOR = YES;
				GCC_WARN_UNINITIALIZED_AUTOS = YES_AGGRESSIVE;
				GCC_WARN_UNUSED_FUNCTION = YES;
				GCC_WARN_UNUSED_VARIABLE = YES;
				IPHONEOS_DEPLOYMENT_TARGET = 14.5;
				MTL_ENABLE_DEBUG_INFO = INCLUDE_SOURCE;
				MTL_FAST_MATH = YES;
				ONLY_ACTIVE_ARCH = YES;
				SDKROOT = iphoneos;
				SWIFT_ACTIVE_COMPILATION_CONDITIONS = DEBUG;
				SWIFT_OPTIMIZATION_LEVEL = "-Onone";
			};
			name = Debug;
		};
		501DA86826B884860021A931 /* Release */ = {
			isa = XCBuildConfiguration;
			buildSettings = {
				ALWAYS_SEARCH_USER_PATHS = NO;
				CLANG_ANALYZER_NONNULL = YES;
				CLANG_ANALYZER_NUMBER_OBJECT_CONVERSION = YES_AGGRESSIVE;
				CLANG_CXX_LANGUAGE_STANDARD = "gnu++14";
				CLANG_CXX_LIBRARY = "libc++";
				CLANG_ENABLE_MODULES = YES;
				CLANG_ENABLE_OBJC_ARC = YES;
				CLANG_ENABLE_OBJC_WEAK = YES;
				CLANG_WARN_BLOCK_CAPTURE_AUTORELEASING = YES;
				CLANG_WARN_BOOL_CONVERSION = YES;
				CLANG_WARN_COMMA = YES;
				CLANG_WARN_CONSTANT_CONVERSION = YES;
				CLANG_WARN_DEPRECATED_OBJC_IMPLEMENTATIONS = YES;
				CLANG_WARN_DIRECT_OBJC_ISA_USAGE = YES_ERROR;
				CLANG_WARN_DOCUMENTATION_COMMENTS = YES;
				CLANG_WARN_EMPTY_BODY = YES;
				CLANG_WARN_ENUM_CONVERSION = YES;
				CLANG_WARN_INFINITE_RECURSION = YES;
				CLANG_WARN_INT_CONVERSION = YES;
				CLANG_WARN_NON_LITERAL_NULL_CONVERSION = YES;
				CLANG_WARN_OBJC_IMPLICIT_RETAIN_SELF = YES;
				CLANG_WARN_OBJC_LITERAL_CONVERSION = YES;
				CLANG_WARN_OBJC_ROOT_CLASS = YES_ERROR;
				CLANG_WARN_QUOTED_INCLUDE_IN_FRAMEWORK_HEADER = YES;
				CLANG_WARN_RANGE_LOOP_ANALYSIS = YES;
				CLANG_WARN_STRICT_PROTOTYPES = YES;
				CLANG_WARN_SUSPICIOUS_MOVE = YES;
				CLANG_WARN_UNGUARDED_AVAILABILITY = YES_AGGRESSIVE;
				CLANG_WARN_UNREACHABLE_CODE = YES;
				CLANG_WARN__DUPLICATE_METHOD_MATCH = YES;
				COPY_PHASE_STRIP = NO;
				DEBUG_INFORMATION_FORMAT = "dwarf-with-dsym";
				ENABLE_NS_ASSERTIONS = NO;
				ENABLE_STRICT_OBJC_MSGSEND = YES;
				GCC_C_LANGUAGE_STANDARD = gnu11;
				GCC_NO_COMMON_BLOCKS = YES;
				GCC_WARN_64_TO_32_BIT_CONVERSION = YES;
				GCC_WARN_ABOUT_RETURN_TYPE = YES_ERROR;
				GCC_WARN_UNDECLARED_SELECTOR = YES;
				GCC_WARN_UNINITIALIZED_AUTOS = YES_AGGRESSIVE;
				GCC_WARN_UNUSED_FUNCTION = YES;
				GCC_WARN_UNUSED_VARIABLE = YES;
				IPHONEOS_DEPLOYMENT_TARGET = 14.5;
				MTL_ENABLE_DEBUG_INFO = NO;
				MTL_FAST_MATH = YES;
				SDKROOT = iphoneos;
				SWIFT_COMPILATION_MODE = wholemodule;
				SWIFT_OPTIMIZATION_LEVEL = "-O";
				VALIDATE_PRODUCT = YES;
			};
			name = Release;
		};
		501DA86A26B884860021A931 /* Debug */ = {
			isa = XCBuildConfiguration;
			buildSettings = {
				ASSETCATALOG_COMPILER_APPICON_NAME = AppIcon;
				ASSETCATALOG_COMPILER_GLOBAL_ACCENT_COLOR_NAME = AccentColor;
				CODE_SIGN_STYLE = Automatic;
				DEVELOPMENT_TEAM = 3HNVGD4736;
				INFOPLIST_FILE = HealtyX/Assets/Info.plist;
				LD_RUNPATH_SEARCH_PATHS = (
					"$(inherited)",
					"@executable_path/Frameworks",
				);
				PRODUCT_BUNDLE_IDENTIFIER = com.HealtyX;
				PRODUCT_NAME = "$(TARGET_NAME)";
				SWIFT_VERSION = 5.0;
				TARGETED_DEVICE_FAMILY = "1,2";
			};
			name = Debug;
		};
		501DA86B26B884860021A931 /* Release */ = {
			isa = XCBuildConfiguration;
			buildSettings = {
				ASSETCATALOG_COMPILER_APPICON_NAME = AppIcon;
				ASSETCATALOG_COMPILER_GLOBAL_ACCENT_COLOR_NAME = AccentColor;
				CODE_SIGN_STYLE = Automatic;
				DEVELOPMENT_TEAM = 3HNVGD4736;
				INFOPLIST_FILE = HealtyX/Assets/Info.plist;
				LD_RUNPATH_SEARCH_PATHS = (
					"$(inherited)",
					"@executable_path/Frameworks",
				);
				PRODUCT_BUNDLE_IDENTIFIER = com.HealtyX;
				PRODUCT_NAME = "$(TARGET_NAME)";
				SWIFT_VERSION = 5.0;
				TARGETED_DEVICE_FAMILY = "1,2";
			};
			name = Release;
		};
/* End XCBuildConfiguration section */

/* Begin XCConfigurationList section */
		501DA85026B884840021A931 /* Build configuration list for PBXProject "HealtyX" */ = {
			isa = XCConfigurationList;
			buildConfigurations = (
				501DA86726B884860021A931 /* Debug */,
				501DA86826B884860021A931 /* Release */,
			);
			defaultConfigurationIsVisible = 0;
			defaultConfigurationName = Release;
		};
		501DA86926B884860021A931 /* Build configuration list for PBXNativeTarget "HealtyX" */ = {
			isa = XCConfigurationList;
			buildConfigurations = (
				501DA86A26B884860021A931 /* Debug */,
				501DA86B26B884860021A931 /* Release */,
			);
			defaultConfigurationIsVisible = 0;
			defaultConfigurationName = Release;
		};
/* End XCConfigurationList section */
	};
	rootObject = 501DA84D26B884840021A931 /* Project object */;
}
